
Microsoft Visual Studio Solution File, Format Version 12.00
Project("{FAE04EC0-301F-11D3-BF4B-00C04F79EFBC}") = "Module1.Task1", "Module1.Task1\Module1.Task1.csproj", "{A82816C5-6F17-4C8B-A43A-8EF213E502A9}"
EndProject
Project("{FAE04EC0-301F-11D3-BF4B-00C04F79EFBC}") = "Module1.Task2", "Module1.Task2\Module1.Task2.csproj", "{B93817D6-7F28-5D9C-B54B-9EF324F613BA}"
EndProject
Project("{FAE04EC0-301F-11D3-BF4B-00C04F79EFBC}") = "Module1.Task3", "Module1.Task3\Module1.Task3.csproj", "{C04928E7-8A39-6E0D-C65C-0FA435A724CB}"
EndProject
Project("{FAE04EC0-301F-11D3-BF4B-00C04F79EFBC}") = "Module1.Task4", "Module1.Task4\Module1.Task4.csproj", "{D15039F8-9B40-7F1E-D76D-1AB546B835DC}"
EndProject
Project("{FAE04EC0-301F-11D3-BF4B-00C04F79EFBC}") = "Module1.CsWin32", "Module1.CsWin32\Module1.CsWin32.csproj", "{E26140A9-0C51-8A2F-E87E-2BC657C946ED}"
EndProject
Project("{FAE04EC0-301F-11D3-BF4B-00C04F79EFBC}") = "Module2.Task1", "Module2.Task1\Module2.Task1.csproj", "{F37251BA-1D62-9B3A-F98F-3CD768D057FE}"
EndProject
Project("{FAE04EC0-301F-11D3-BF4B-00C04F79EFBC}") = "Module2.Task2", "Module2.Task2\Module2.Task2.csproj", "{A48362CB-2E73-0C4B-A09A-4DE879E168AF}"
EndProject
Project("{FAE04EC0-301F-11D3-BF4B-00C04F79EFBC}") = "Module2.Task3", "Module2.Task3\Module2.Task3.csproj", "{B59473DC-3F84-1D5C-B1AB-5EF98AF279BA}"
EndProject
Project("{FAE04EC0-301F-11D3-BF4B-00C04F79EFBC}") = "Module2.Task4", "Module2.Task4\Module2.Task4.csproj", "{C6A584ED-4A95-2E6D-C2BC-6FA09BA38ACB}"
EndProject
Project("{FAE04EC0-301F-11D3-BF4B-00C04F79EFBC}") = "Module3.Lesson", "Module3.Lesson\Module3.Lesson.csproj", "{CBE12D2E-7BD7-4E2C-B5EC-BE7C1A3DDFFB}"
EndProject
Project("{FAE04EC0-301F-11D3-BF4B-00C04F79EFBC}") = "Module3.Sample1", "Module3.Sample1\Module3.Sample1.csproj", "{0501C38F-7A15-47C2-B517-5EA3E23A7F27}"
EndProject
Project("{FAE04EC0-301F-11D3-BF4B-00C04F79EFBC}") = "Module3.Sample2", "Module3.Sample2\Module3.Sample2.csproj", "{52A6D2A4-6A5C-4DE8-8596-9795A675CCAC}"
EndProject
Global
	GlobalSection(SolutionConfigurationPlatforms) = preSolution
		Debug|Any CPU = Debug|Any CPU
		Debug|x64 = Debug|x64
		Debug|x86 = Debug|x86
		Release|Any CPU = Release|Any CPU
		Release|x64 = Release|x64
		Release|x86 = Release|x86
	EndGlobalSection
	GlobalSection(ProjectConfigurationPlatforms) = postSolution
		{A82816C5-6F17-4C8B-A43A-8EF213E502A9}.Debug|Any CPU.ActiveCfg = Debug|Any CPU
		{A82816C5-6F17-4C8B-A43A-8EF213E502A9}.Debug|Any CPU.Build.0 = Debug|Any CPU
		{A82816C5-6F17-4C8B-A43A-8EF213E502A9}.Debug|x64.ActiveCfg = Debug|Any CPU
		{A82816C5-6F17-4C8B-A43A-8EF213E502A9}.Debug|x64.Build.0 = Debug|Any CPU
		{A82816C5-6F17-4C8B-A43A-8EF213E502A9}.Debug|x86.ActiveCfg = Debug|Any CPU
		{A82816C5-6F17-4C8B-A43A-8EF213E502A9}.Debug|x86.Build.0 = Debug|Any CPU
		{A82816C5-6F17-4C8B-A43A-8EF213E502A9}.Release|Any CPU.ActiveCfg = Release|Any CPU
		{A82816C5-6F17-4C8B-A43A-8EF213E502A9}.Release|Any CPU.Build.0 = Release|Any CPU
		{A82816C5-6F17-4C8B-A43A-8EF213E502A9}.Release|x64.ActiveCfg = Release|Any CPU
		{A82816C5-6F17-4C8B-A43A-8EF213E502A9}.Release|x64.Build.0 = Release|Any CPU
		{A82816C5-6F17-4C8B-A43A-8EF213E502A9}.Release|x86.ActiveCfg = Release|Any CPU
		{A82816C5-6F17-4C8B-A43A-8EF213E502A9}.Release|x86.Build.0 = Release|Any CPU
		{B93817D6-7F28-5D9C-B54B-9EF324F613BA}.Debug|Any CPU.ActiveCfg = Debug|Any CPU
		{B93817D6-7F28-5D9C-B54B-9EF324F613BA}.Debug|Any CPU.Build.0 = Debug|Any CPU
		{B93817D6-7F28-5D9C-B54B-9EF324F613BA}.Debug|x64.ActiveCfg = Debug|Any CPU
		{B93817D6-7F28-5D9C-B54B-9EF324F613BA}.Debug|x64.Build.0 = Debug|Any CPU
		{B93817D6-7F28-5D9C-B54B-9EF324F613BA}.Debug|x86.ActiveCfg = Debug|Any CPU
		{B93817D6-7F28-5D9C-B54B-9EF324F613BA}.Debug|x86.Build.0 = Debug|Any CPU
		{B93817D6-7F28-5D9C-B54B-9EF324F613BA}.Release|Any CPU.ActiveCfg = Release|Any CPU
		{B93817D6-7F28-5D9C-B54B-9EF324F613BA}.Release|Any CPU.Build.0 = Release|Any CPU
		{B93817D6-7F28-5D9C-B54B-9EF324F613BA}.Release|x64.ActiveCfg = Release|Any CPU
		{B93817D6-7F28-5D9C-B54B-9EF324F613BA}.Release|x64.Build.0 = Release|Any CPU
		{B93817D6-7F28-5D9C-B54B-9EF324F613BA}.Release|x86.ActiveCfg = Release|Any CPU
		{B93817D6-7F28-5D9C-B54B-9EF324F613BA}.Release|x86.Build.0 = Release|Any CPU
		{C04928E7-8A39-6E0D-C65C-0FA435A724CB}.Debug|Any CPU.ActiveCfg = Debug|Any CPU
		{C04928E7-8A39-6E0D-C65C-0FA435A724CB}.Debug|Any CPU.Build.0 = Debug|Any CPU
		{C04928E7-8A39-6E0D-C65C-0FA435A724CB}.Debug|x64.ActiveCfg = Debug|Any CPU
		{C04928E7-8A39-6E0D-C65C-0FA435A724CB}.Debug|x64.Build.0 = Debug|Any CPU
		{C04928E7-8A39-6E0D-C65C-0FA435A724CB}.Debug|x86.ActiveCfg = Debug|Any CPU
		{C04928E7-8A39-6E0D-C65C-0FA435A724CB}.Debug|x86.Build.0 = Debug|Any CPU
		{C04928E7-8A39-6E0D-C65C-0FA435A724CB}.Release|Any CPU.ActiveCfg = Release|Any CPU
		{C04928E7-8A39-6E0D-C65C-0FA435A724CB}.Release|Any CPU.Build.0 = Release|Any CPU
		{C04928E7-8A39-6E0D-C65C-0FA435A724CB}.Release|x64.ActiveCfg = Release|Any CPU
		{C04928E7-8A39-6E0D-C65C-0FA435A724CB}.Release|x64.Build.0 = Release|Any CPU
		{C04928E7-8A39-6E0D-C65C-0FA435A724CB}.Release|x86.ActiveCfg = Release|Any CPU
		{C04928E7-8A39-6E0D-C65C-0FA435A724CB}.Release|x86.Build.0 = Release|Any CPU
		{D15039F8-9B40-7F1E-D76D-1AB546B835DC}.Debug|Any CPU.ActiveCfg = Debug|Any CPU
		{D15039F8-9B40-7F1E-D76D-1AB546B835DC}.Debug|Any CPU.Build.0 = Debug|Any CPU
		{D15039F8-9B40-7F1E-D76D-1AB546B835DC}.Debug|x64.ActiveCfg = Debug|Any CPU
		{D15039F8-9B40-7F1E-D76D-1AB546B835DC}.Debug|x64.Build.0 = Debug|Any CPU
		{D15039F8-9B40-7F1E-D76D-1AB546B835DC}.Debug|x86.ActiveCfg = Debug|Any CPU
		{D15039F8-9B40-7F1E-D76D-1AB546B835DC}.Debug|x86.Build.0 = Debug|Any CPU
		{D15039F8-9B40-7F1E-D76D-1AB546B835DC}.Release|Any CPU.ActiveCfg = Release|Any CPU
		{D15039F8-9B40-7F1E-D76D-1AB546B835DC}.Release|Any CPU.Build.0 = Release|Any CPU
		{D15039F8-9B40-7F1E-D76D-1AB546B835DC}.Release|x64.ActiveCfg = Release|Any CPU
		{D15039F8-9B40-7F1E-D76D-1AB546B835DC}.Release|x64.Build.0 = Release|Any CPU
		{D15039F8-9B40-7F1E-D76D-1AB546B835DC}.Release|x86.ActiveCfg = Release|Any CPU
		{D15039F8-9B40-7F1E-D76D-1AB546B835DC}.Release|x86.Build.0 = Release|Any CPU
		{E26140A9-0C51-8A2F-E87E-2BC657C946ED}.Debug|Any CPU.ActiveCfg = Debug|Any CPU
		{E26140A9-0C51-8A2F-E87E-2BC657C946ED}.Debug|Any CPU.Build.0 = Debug|Any CPU
		{E26140A9-0C51-8A2F-E87E-2BC657C946ED}.Debug|x64.ActiveCfg = Debug|Any CPU
		{E26140A9-0C51-8A2F-E87E-2BC657C946ED}.Debug|x64.Build.0 = Debug|Any CPU
		{E26140A9-0C51-8A2F-E87E-2BC657C946ED}.Debug|x86.ActiveCfg = Debug|Any CPU
		{E26140A9-0C51-8A2F-E87E-2BC657C946ED}.Debug|x86.Build.0 = Debug|Any CPU
		{E26140A9-0C51-8A2F-E87E-2BC657C946ED}.Release|Any CPU.ActiveCfg = Release|Any CPU
		{E26140A9-0C51-8A2F-E87E-2BC657C946ED}.Release|Any CPU.Build.0 = Release|Any CPU
		{E26140A9-0C51-8A2F-E87E-2BC657C946ED}.Release|x64.ActiveCfg = Release|Any CPU
		{E26140A9-0C51-8A2F-E87E-2BC657C946ED}.Release|x64.Build.0 = Release|Any CPU
		{E26140A9-0C51-8A2F-E87E-2BC657C946ED}.Release|x86.ActiveCfg = Release|Any CPU
		{E26140A9-0C51-8A2F-E87E-2BC657C946ED}.Release|x86.Build.0 = Release|Any CPU
		{F37251BA-1D62-9B3A-F98F-3CD768D057FE}.Debug|Any CPU.ActiveCfg = Debug|Any CPU
		{F37251BA-1D62-9B3A-F98F-3CD768D057FE}.Debug|Any CPU.Build.0 = Debug|Any CPU
		{F37251BA-1D62-9B3A-F98F-3CD768D057FE}.Debug|x64.ActiveCfg = Debug|Any CPU
		{F37251BA-1D62-9B3A-F98F-3CD768D057FE}.Debug|x64.Build.0 = Debug|Any CPU
		{F37251BA-1D62-9B3A-F98F-3CD768D057FE}.Debug|x86.ActiveCfg = Debug|Any CPU
		{F37251BA-1D62-9B3A-F98F-3CD768D057FE}.Debug|x86.Build.0 = Debug|Any CPU
		{F37251BA-1D62-9B3A-F98F-3CD768D057FE}.Release|Any CPU.ActiveCfg = Release|Any CPU
		{F37251BA-1D62-9B3A-F98F-3CD768D057FE}.Release|Any CPU.Build.0 = Release|Any CPU
		{F37251BA-1D62-9B3A-F98F-3CD768D057FE}.Release|x64.ActiveCfg = Release|Any CPU
		{F37251BA-1D62-9B3A-F98F-3CD768D057FE}.Release|x64.Build.0 = Release|Any CPU
		{F37251BA-1D62-9B3A-F98F-3CD768D057FE}.Release|x86.ActiveCfg = Release|Any CPU
		{F37251BA-1D62-9B3A-F98F-3CD768D057FE}.Release|x86.Build.0 = Release|Any CPU
		{A48362CB-2E73-0C4B-A09A-4DE879E168AF}.Debug|Any CPU.ActiveCfg = Debug|Any CPU
		{A48362CB-2E73-0C4B-A09A-4DE879E168AF}.Debug|Any CPU.Build.0 = Debug|Any CPU
		{A48362CB-2E73-0C4B-A09A-4DE879E168AF}.Debug|x64.ActiveCfg = Debug|Any CPU
		{A48362CB-2E73-0C4B-A09A-4DE879E168AF}.Debug|x64.Build.0 = Debug|Any CPU
		{A48362CB-2E73-0C4B-A09A-4DE879E168AF}.Debug|x86.ActiveCfg = Debug|Any CPU
		{A48362CB-2E73-0C4B-A09A-4DE879E168AF}.Debug|x86.Build.0 = Debug|Any CPU
		{A48362CB-2E73-0C4B-A09A-4DE879E168AF}.Release|Any CPU.ActiveCfg = Release|Any CPU
		{A48362CB-2E73-0C4B-A09A-4DE879E168AF}.Release|Any CPU.Build.0 = Release|Any CPU
		{A48362CB-2E73-0C4B-A09A-4DE879E168AF}.Release|x64.ActiveCfg = Release|Any CPU
		{A48362CB-2E73-0C4B-A09A-4DE879E168AF}.Release|x64.Build.0 = Release|Any CPU
		{A48362CB-2E73-0C4B-A09A-4DE879E168AF}.Release|x86.ActiveCfg = Release|Any CPU
		{A48362CB-2E73-0C4B-A09A-4DE879E168AF}.Release|x86.Build.0 = Release|Any CPU
		{B59473DC-3F84-1D5C-B1AB-5EF98AF279BA}.Debug|Any CPU.ActiveCfg = Debug|Any CPU
		{B59473DC-3F84-1D5C-B1AB-5EF98AF279BA}.Debug|Any CPU.Build.0 = Debug|Any CPU
		{B59473DC-3F84-1D5C-B1AB-5EF98AF279BA}.Debug|x64.ActiveCfg = Debug|Any CPU
		{B59473DC-3F84-1D5C-B1AB-5EF98AF279BA}.Debug|x64.Build.0 = Debug|Any CPU
		{B59473DC-3F84-1D5C-B1AB-5EF98AF279BA}.Debug|x86.ActiveCfg = Debug|Any CPU
		{B59473DC-3F84-1D5C-B1AB-5EF98AF279BA}.Debug|x86.Build.0 = Debug|Any CPU
		{B59473DC-3F84-1D5C-B1AB-5EF98AF279BA}.Release|Any CPU.ActiveCfg = Release|Any CPU
		{B59473DC-3F84-1D5C-B1AB-5EF98AF279BA}.Release|Any CPU.Build.0 = Release|Any CPU
		{B59473DC-3F84-1D5C-B1AB-5EF98AF279BA}.Release|x64.ActiveCfg = Release|Any CPU
		{B59473DC-3F84-1D5C-B1AB-5EF98AF279BA}.Release|x64.Build.0 = Release|Any CPU
		{B59473DC-3F84-1D5C-B1AB-5EF98AF279BA}.Release|x86.ActiveCfg = Release|Any CPU
		{B59473DC-3F84-1D5C-B1AB-5EF98AF279BA}.Release|x86.Build.0 = Release|Any CPU
		{C6A584ED-4A95-2E6D-C2BC-6FA09BA38ACB}.Debug|Any CPU.ActiveCfg = Debug|Any CPU
		{C6A584ED-4A95-2E6D-C2BC-6FA09BA38ACB}.Debug|Any CPU.Build.0 = Debug|Any CPU
		{C6A584ED-4A95-2E6D-C2BC-6FA09BA38ACB}.Debug|x64.ActiveCfg = Debug|Any CPU
		{C6A584ED-4A95-2E6D-C2BC-6FA09BA38ACB}.Debug|x64.Build.0 = Debug|Any CPU
		{C6A584ED-4A95-2E6D-C2BC-6FA09BA38ACB}.Debug|x86.ActiveCfg = Debug|Any CPU
		{C6A584ED-4A95-2E6D-C2BC-6FA09BA38ACB}.Debug|x86.Build.0 = Debug|Any CPU
		{C6A584ED-4A95-2E6D-C2BC-6FA09BA38ACB}.Release|Any CPU.ActiveCfg = Release|Any CPU
		{C6A584ED-4A95-2E6D-C2BC-6FA09BA38ACB}.Release|Any CPU.Build.0 = Release|Any CPU
		{C6A584ED-4A95-2E6D-C2BC-6FA09BA38ACB}.Release|x64.ActiveCfg = Release|Any CPU
		{C6A584ED-4A95-2E6D-C2BC-6FA09BA38ACB}.Release|x64.Build.0 = Release|Any CPU
		{C6A584ED-4A95-2E6D-C2BC-6FA09BA38ACB}.Release|x86.ActiveCfg = Release|Any CPU
		{C6A584ED-4A95-2E6D-C2BC-6FA09BA38ACB}.Release|x86.Build.0 = Release|Any CPU
		{CBE12D2E-7BD7-4E2C-B5EC-BE7C1A3DDFFB}.Debug|Any CPU.ActiveCfg = Debug|Any CPU
		{CBE12D2E-7BD7-4E2C-B5EC-BE7C1A3DDFFB}.Debug|Any CPU.Build.0 = Debug|Any CPU
		{CBE12D2E-7BD7-4E2C-B5EC-BE7C1A3DDFFB}.Debug|x64.ActiveCfg = Debug|Any CPU
		{CBE12D2E-7BD7-4E2C-B5EC-BE7C1A3DDFFB}.Debug|x64.Build.0 = Debug|Any CPU
		{CBE12D2E-7BD7-4E2C-B5EC-BE7C1A3DDFFB}.Debug|x86.ActiveCfg = Debug|Any CPU
		{CBE12D2E-7BD7-4E2C-B5EC-BE7C1A3DDFFB}.Debug|x86.Build.0 = Debug|Any CPU
		{CBE12D2E-7BD7-4E2C-B5EC-BE7C1A3DDFFB}.Release|Any CPU.ActiveCfg = Release|Any CPU
		{CBE12D2E-7BD7-4E2C-B5EC-BE7C1A3DDFFB}.Release|Any CPU.Build.0 = Release|Any CPU
		{CBE12D2E-7BD7-4E2C-B5EC-BE7C1A3DDFFB}.Release|x64.ActiveCfg = Release|Any CPU
		{CBE12D2E-7BD7-4E2C-B5EC-BE7C1A3DDFFB}.Release|x64.Build.0 = Release|Any CPU
		{CBE12D2E-7BD7-4E2C-B5EC-BE7C1A3DDFFB}.Release|x86.ActiveCfg = Release|Any CPU
		{CBE12D2E-7BD7-4E2C-B5EC-BE7C1A3DDFFB}.Release|x86.Build.0 = Release|Any CPU
		{0501C38F-7A15-47C2-B517-5EA3E23A7F27}.Debug|Any CPU.ActiveCfg = Debug|Any CPU
		{0501C38F-7A15-47C2-B517-5EA3E23A7F27}.Debug|Any CPU.Build.0 = Debug|Any CPU
		{0501C38F-7A15-47C2-B517-5EA3E23A7F27}.Debug|x64.ActiveCfg = Debug|Any CPU
		{0501C38F-7A15-47C2-B517-5EA3E23A7F27}.Debug|x64.Build.0 = Debug|Any CPU
		{0501C38F-7A15-47C2-B517-5EA3E23A7F27}.Debug|x86.ActiveCfg = Debug|Any CPU
		{0501C38F-7A15-47C2-B517-5EA3E23A7F27}.Debug|x86.Build.0 = Debug|Any CPU
		{0501C38F-7A15-47C2-B517-5EA3E23A7F27}.Release|Any CPU.ActiveCfg = Release|Any CPU
		{0501C38F-7A15-47C2-B517-5EA3E23A7F27}.Release|Any CPU.Build.0 = Release|Any CPU
		{0501C38F-7A15-47C2-B517-5EA3E23A7F27}.Release|x64.ActiveCfg = Release|Any CPU
		{0501C38F-7A15-47C2-B517-5EA3E23A7F27}.Release|x64.Build.0 = Release|Any CPU
		{0501C38F-7A15-47C2-B517-5EA3E23A7F27}.Release|x86.ActiveCfg = Release|Any CPU
		{0501C38F-7A15-47C2-B517-5EA3E23A7F27}.Release|x86.Build.0 = Release|Any CPU
		{52A6D2A4-6A5C-4DE8-8596-9795A675CCAC}.Debug|Any CPU.ActiveCfg = Debug|Any CPU
		{52A6D2A4-6A5C-4DE8-8596-9795A675CCAC}.Debug|Any CPU.Build.0 = Debug|Any CPU
		{52A6D2A4-6A5C-4DE8-8596-9795A675CCAC}.Debug|x64.ActiveCfg = Debug|Any CPU
		{52A6D2A4-6A5C-4DE8-8596-9795A675CCAC}.Debug|x64.Build.0 = Debug|Any CPU
		{52A6D2A4-6A5C-4DE8-8596-9795A675CCAC}.Debug|x86.ActiveCfg = Debug|Any CPU
		{52A6D2A4-6A5C-4DE8-8596-9795A675CCAC}.Debug|x86.Build.0 = Debug|Any CPU
		{52A6D2A4-6A5C-4DE8-8596-9795A675CCAC}.Release|Any CPU.ActiveCfg = Release|Any CPU
		{52A6D2A4-6A5C-4DE8-8596-9795A675CCAC}.Release|Any CPU.Build.0 = Release|Any CPU
		{52A6D2A4-6A5C-4DE8-8596-9795A675CCAC}.Release|x64.ActiveCfg = Release|Any CPU
		{52A6D2A4-6A5C-4DE8-8596-9795A675CCAC}.Release|x64.Build.0 = Release|Any CPU
		{52A6D2A4-6A5C-4DE8-8596-9795A675CCAC}.Release|x86.ActiveCfg = Release|Any CPU
		{52A6D2A4-6A5C-4DE8-8596-9795A675CCAC}.Release|x86.Build.0 = Release|Any CPU
	EndGlobalSection
	GlobalSection(SolutionProperties) = preSolution
		HideSolutionNode = FALSE
	EndGlobalSection
EndGlobal
